// !$*UTF8*$!
{
	archiveVersion = 1;
	classes = {
	};
	objectVersion = 46;
	objects = {

/* Begin PBXBuildFile section */
		2023A76E1ECC328800BC8854 /* AppDelegate.swift in Sources */ = {isa = PBXBuildFile; fileRef = 2023A76D1ECC328800BC8854 /* AppDelegate.swift */; };
		2023A7701ECC328800BC8854 /* ViewController.swift in Sources */ = {isa = PBXBuildFile; fileRef = 2023A76F1ECC328800BC8854 /* ViewController.swift */; };
		2023A7721ECC328800BC8854 /* Document.swift in Sources */ = {isa = PBXBuildFile; fileRef = 2023A7711ECC328800BC8854 /* Document.swift */; };
		2023A7741ECC328800BC8854 /* Assets.xcassets in Resources */ = {isa = PBXBuildFile; fileRef = 2023A7731ECC328800BC8854 /* Assets.xcassets */; };
		2023A7771ECC328800BC8854 /* Main.storyboard in Resources */ = {isa = PBXBuildFile; fileRef = 2023A7751ECC328800BC8854 /* Main.storyboard */; };
/* End PBXBuildFile section */

/* Begin PBXFileReference section */
		2023A76A1ECC328800BC8854 /* VocalTextEdit.app */ = {isa = PBXFileReference; explicitFileType = wrapper.application; includeInIndex = 0; path = VocalTextEdit.app; sourceTree = BUILT_PRODUCTS_DIR; };
		2023A76D1ECC328800BC8854 /* AppDelegate.swift */ = {isa = PBXFileReference; lastKnownFileType = sourcecode.swift; path = AppDelegate.swift; sourceTree = "<group>"; };
		2023A76F1ECC328800BC8854 /* ViewController.swift */ = {isa = PBXFileReference; lastKnownFileType = sourcecode.swift; path = ViewController.swift; sourceTree = "<group>"; };
		2023A7711ECC328800BC8854 /* Document.swift */ = {isa = PBXFileReference; lastKnownFileType = sourcecode.swift; path = Document.swift; sourceTree = "<group>"; };
		2023A7731ECC328800BC8854 /* Assets.xcassets */ = {isa = PBXFileReference; lastKnownFileType = folder.assetcatalog; path = Assets.xcassets; sourceTree = "<group>"; };
		2023A7761ECC328800BC8854 /* Base */ = {isa = PBXFileReference; lastKnownFileType = file.storyboard; name = Base; path = Base.lproj/Main.storyboard; sourceTree = "<group>"; };
		2023A7781ECC328800BC8854 /* Info.plist */ = {isa = PBXFileReference; lastKnownFileType = text.plist.xml; path = Info.plist; sourceTree = "<group>"; };
/* End PBXFileReference section */

/* Begin PBXFrameworksBuildPhase section */
		2023A7671ECC328800BC8854 /* Frameworks */ = {
			isa = PBXFrameworksBuildPhase;
			buildActionMask = 2147483647;
			files = (
			);
			runOnlyForDeploymentPostprocessing = 0;
		};
/* End PBXFrameworksBuildPhase section */

/* Begin PBXGroup section */
		2023A7611ECC328800BC8854 = {
			isa = PBXGroup;
			children = (
				2023A76C1ECC328800BC8854 /* VocalTextEdit */,
				2023A76B1ECC328800BC8854 /* Products */,
			);
			sourceTree = "<group>";
		};
		2023A76B1ECC328800BC8854 /* Products */ = {
			isa = PBXGroup;
			children = (
				2023A76A1ECC328800BC8854 /* VocalTextEdit.app */,
			);
			name = Products;
			sourceTree = "<group>";
		};
		2023A76C1ECC328800BC8854 /* VocalTextEdit */ = {
			isa = PBXGroup;
			children = (
				2023A76D1ECC328800BC8854 /* AppDelegate.swift */,
				2023A76F1ECC328800BC8854 /* ViewController.swift */,
				2023A7711ECC328800BC8854 /* Document.swift */,
				2023A7731ECC328800BC8854 /* Assets.xcassets */,
				2023A7751ECC328800BC8854 /* Main.storyboard */,
				2023A7781ECC328800BC8854 /* Info.plist */,
			);
			path = VocalTextEdit;
			sourceTree = "<group>";
		};
/* End PBXGroup section */

/* Begin PBXNativeTarget section */
		2023A7691ECC328800BC8854 /* VocalTextEdit */ = {
			isa = PBXNativeTarget;
			buildConfigurationList = 2023A77B1ECC328800BC8854 /* Build configuration list for PBXNativeTarget "VocalTextEdit" */;
			buildPhases = (
				2023A7661ECC328800BC8854 /* Sources */,
				2023A7671ECC328800BC8854 /* Frameworks */,
				2023A7681ECC328800BC8854 /* Resources */,
			);
			buildRules = (
			);
			dependencies = (
			);
			name = VocalTextEdit;
			productName = VocalTextEdit;
			productReference = 2023A76A1ECC328800BC8854 /* VocalTextEdit.app */;
			productType = "com.apple.product-type.application";
		};
/* End PBXNativeTarget section */

/* Begin PBXProject section */
		2023A7621ECC328800BC8854 /* Project object */ = {
			isa = PBXProject;
			attributes = {
				LastSwiftUpdateCheck = 0830;
				LastUpgradeCheck = 0830;
				ORGANIZATIONNAME = "Stefano Pernat";
				TargetAttributes = {
					2023A7691ECC328800BC8854 = {
						CreatedOnToolsVersion = 8.3.1;
						DevelopmentTeam = W7P2H33KSX;
						ProvisioningStyle = Automatic;
					};
				};
			};
			buildConfigurationList = 2023A7651ECC328800BC8854 /* Build configuration list for PBXProject "VocalTextEdit" */;
			compatibilityVersion = "Xcode 3.2";
			developmentRegion = English;
			hasScannedForEncodings = 0;
			knownRegions = (
				en,
				Base,
			);
			mainGroup = 2023A7611ECC328800BC8854;
			productRefGroup = 2023A76B1ECC328800BC8854 /* Products */;
			projectDirPath = "";
			projectRoot = "";
			targets = (
				2023A7691ECC328800BC8854 /* VocalTextEdit */,
			);
		};
/* End PBXProject section */

/* Begin PBXResourcesBuildPhase section */
		2023A7681ECC328800BC8854 /* Resources */ = {
			isa = PBXResourcesBuildPhase;
			buildActionMask = 2147483647;
			files = (
				2023A7741ECC328800BC8854 /* Assets.xcassets in Resources */,
				2023A7771ECC328800BC8854 /* Main.storyboard in Resources */,
			);
			runOnlyForDeploymentPostprocessing = 0;
		};
/* End PBXResourcesBuildPhase section */

/* Begin PBXSourcesBuildPhase section */
		2023A7661ECC328800BC8854 /* Sources */ = {
			isa = PBXSourcesBuildPhase;
			buildActionMask = 2147483647;
			files = (
				2023A7701ECC328800BC8854 /* ViewController.swift in Sources */,
				2023A76E1ECC328800BC8854 /* AppDelegate.swift in Sources */,
				2023A7721ECC328800BC8854 /* Document.swift in Sources */,
			);
			runOnlyForDeploymentPostprocessing = 0;
		};
/* End PBXSourcesBuildPhase section */

/* Begin PBXVariantGroup section */
		2023A7751ECC328800BC8854 /* Main.storyboard */ = {
			isa = PBXVariantGroup;
			children = (
				2023A7761ECC328800BC8854 /* Base */,
			);
			name = Main.storyboard;
			sourceTree = "<group>";
		};
/* End PBXVariantGroup section */

/* Begin XCBuildConfiguration section */
		2023A7791ECC328800BC8854 /* Debug */ = {
			isa = XCBuildConfiguration;
			buildSettings = {
				ALWAYS_SEARCH_USER_PATHS = NO;
				CLANG_ANALYZER_NONNULL = YES;
				CLANG_ANALYZER_NUMBER_OBJECT_CONVERSION = YES_AGGRESSIVE;
				CLANG_CXX_LANGUAGE_STANDARD = "gnu++0x";
				CLANG_CXX_LIBRARY = "libc++";
				CLANG_ENABLE_MODULES = YES;
				CLANG_ENABLE_OBJC_ARC = YES;
				CLANG_WARN_BOOL_CONVERSION = YES;
				CLANG_WARN_CONSTANT_CONVERSION = YES;
				CLANG_WARN_DIRECT_OBJC_ISA_USAGE = YES_ERROR;
				CLANG_WARN_DOCUMENTATION_COMMENTS = YES;
				CLANG_WARN_EMPTY_BODY = YES;
				CLANG_WARN_ENUM_CONVERSION = YES;
				CLANG_WARN_INFINITE_RECURSION = YES;
				CLANG_WARN_INT_CONVERSION = YES;
				CLANG_WARN_OBJC_ROOT_CLASS = YES_ERROR;
				CLANG_WARN_SUSPICIOUS_MOVE = YES;
				CLANG_WARN_UNREACHABLE_CODE = YES;
				CLANG_WARN__DUPLICATE_METHOD_MATCH = YES;
				CODE_SIGN_IDENTITY = "-";
				COPY_PHASE_STRIP = NO;
				DEBUG_INFORMATION_FORMAT = dwarf;
				ENABLE_STRICT_OBJC_MSGSEND = YES;
				ENABLE_TESTABILITY = YES;
				GCC_C_LANGUAGE_STANDARD = gnu99;
				GCC_DYNAMIC_NO_PIC = NO;
				GCC_NO_COMMON_BLOCKS = YES;
				GCC_OPTIMIZATION_LEVEL = 0;
				GCC_PREPROCESSOR_DEFINITIONS = (
					"DEBUG=1",
					"$(inherited)",
				);
				GCC_WARN_64_TO_32_BIT_CONVERSION = YES;
				GCC_WARN_ABOUT_RETURN_TYPE = YES_ERROR;
				GCC_WARN_UNDECLARED_SELECTOR = YES;
				GCC_WARN_UNINITIALIZED_AUTOS = YES_AGGRESSIVE;
				GCC_WARN_UNUSED_FUNCTION = YES;
				GCC_WARN_UNUSED_VARIABLE = YES;
				MACOSX_DEPLOYMENT_TARGET = 10.12;
				MTL_ENABLE_DEBUG_INFO = YES;
				ONLY_ACTIVE_ARCH = YES;
				SDKROOT = macosx;
				SWIFT_ACTIVE_COMPILATION_CONDITIONS = DEBUG;
				SWIFT_OPTIMIZATION_LEVEL = "-Onone";
			};
			name = Debug;
		};
		2023A77A1ECC328800BC8854 /* Release */ = {
			isa = XCBuildConfiguration;
			buildSettings = {
				ALWAYS_SEARCH_USER_PATHS = NO;
				CLANG_ANALYZER_NONNULL = YES;
				CLANG_ANALYZER_NUMBER_OBJECT_CONVERSION = YES_AGGRESSIVE;
				CLANG_CXX_LANGUAGE_STANDARD = "gnu++0x";
				CLANG_CXX_LIBRARY = "libc++";
				CLANG_ENABLE_MODULES = YES;
				CLANG_ENABLE_OBJC_ARC = YES;
				CLANG_WARN_BOOL_CONVERSION = YES;
				CLANG_WARN_CONSTANT_CONVERSION = YES;
				CLANG_WARN_DIRECT_OBJC_ISA_USAGE = YES_ERROR;
				CLANG_WARN_DOCUMENTATION_COMMENTS = YES;
				CLANG_WARN_EMPTY_BODY = YES;
				CLANG_WARN_ENUM_CONVERSION = YES;
				CLANG_WARN_INFINITE_RECURSION = YES;
				CLANG_WARN_INT_CONVERSION = YES;
				CLANG_WARN_OBJC_ROOT_CLASS = YES_ERROR;
				CLANG_WARN_SUSPICIOUS_MOVE = YES;
				CLANG_WARN_UNREACHABLE_CODE = YES;
				CLANG_WARN__DUPLICATE_METHOD_MATCH = YES;
				CODE_SIGN_IDENTITY = "-";
				COPY_PHASE_STRIP = NO;
				DEBUG_INFORMATION_FORMAT = "dwarf-with-dsym";
				ENABLE_NS_ASSERTIONS = NO;
				ENABLE_STRICT_OBJC_MSGSEND = YES;
				GCC_C_LANGUAGE_STANDARD = gnu99;
				GCC_NO_COMMON_BLOCKS = YES;
				GCC_WARN_64_TO_32_BIT_CONVERSION = YES;
				GCC_WARN_ABOUT_RETURN_TYPE = YES_ERROR;
				GCC_WARN_UNDECLARED_SELECTOR = YES;
				GCC_WARN_UNINITIALIZED_AUTOS = YES_AGGRESSIVE;
				GCC_WARN_UNUSED_FUNCTION = YES;
				GCC_WARN_UNUSED_VARIABLE = YES;
				MACOSX_DEPLOYMENT_TARGET = 10.12;
				MTL_ENABLE_DEBUG_INFO = NO;
				SDKROOT = macosx;
				SWIFT_OPTIMIZATION_LEVEL = "-Owholemodule";
			};
			name = Release;
		};
		2023A77C1ECC328800BC8854 /* Debug */ = {
			isa = XCBuildConfiguration;
			buildSettings = {
				ASSETCATALOG_COMPILER_APPICON_NAME = AppIcon;
				COMBINE_HIDPI_IMAGES = YES;
				DEVELOPMENT_TEAM = W7P2H33KSX;
				INFOPLIST_FILE = VocalTextEdit/Info.plist;
				LD_RUNPATH_SEARCH_PATHS = "$(inherited) @executable_path/../Frameworks";
				PRODUCT_BUNDLE_IDENTIFIER = it.pernat.bignerdranch.VocalTextEdit;
				PRODUCT_NAME = "$(TARGET_NAME)";
				SWIFT_VERSION = 3.0;
			};
			name = Debug;
		};
		2023A77D1ECC328800BC8854 /* Release */ = {
			isa = XCBuildConfiguration;
			buildSettings = {
				ASSETCATALOG_COMPILER_APPICON_NAME = AppIcon;
				COMBINE_HIDPI_IMAGES = YES;
				DEVELOPMENT_TEAM = W7P2H33KSX;
				INFOPLIST_FILE = VocalTextEdit/Info.plist;
				LD_RUNPATH_SEARCH_PATHS = "$(inherited) @executable_path/../Frameworks";
				PRODUCT_BUNDLE_IDENTIFIER = it.pernat.bignerdranch.VocalTextEdit;
				PRODUCT_NAME = "$(TARGET_NAME)";
				SWIFT_VERSION = 3.0;
			};
			name = Release;
		};
/* End XCBuildConfiguration section */

/* Begin XCConfigurationList section */
		2023A7651ECC328800BC8854 /* Build configuration list for PBXProject "VocalTextEdit" */ = {
			isa = XCConfigurationList;
			buildConfigurations = (
				2023A7791ECC328800BC8854 /* Debug */,
				2023A77A1ECC328800BC8854 /* Release */,
			);
			defaultConfigurationIsVisible = 0;
			defaultConfigurationName = Release;
		};
		2023A77B1ECC328800BC8854 /* Build configuration list for PBXNativeTarget "VocalTextEdit" */ = {
			isa = XCConfigurationList;
			buildConfigurations = (
				2023A77C1ECC328800BC8854 /* Debug */,
				2023A77D1ECC328800BC8854 /* Release */,
			);
			defaultConfigurationIsVisible = 0;
		};
/* End XCConfigurationList section */
	};
	rootObject = 2023A7621ECC328800BC8854 /* Project object */;
}
